// !$*UTF8*$!
{
	archiveVersion = 1;
	classes = {
	};
	objectVersion = 46;
	objects = {

/* Begin PBXBuildFile section */
		328446DE1DBC5A2700B53DB6 /* AppDelegate.swift in Sources */ = {isa = PBXBuildFile; fileRef = 328446DD1DBC5A2700B53DB6 /* AppDelegate.swift */; };
		328446E01DBC5A2700B53DB6 /* ViewController.swift in Sources */ = {isa = PBXBuildFile; fileRef = 328446DF1DBC5A2700B53DB6 /* ViewController.swift */; };
		328446E31DBC5A2700B53DB6 /* Main.storyboard in Resources */ = {isa = PBXBuildFile; fileRef = 328446E11DBC5A2700B53DB6 /* Main.storyboard */; };
		328446E51DBC5A2700B53DB6 /* Assets.xcassets in Resources */ = {isa = PBXBuildFile; fileRef = 328446E41DBC5A2700B53DB6 /* Assets.xcassets */; };
		328446E81DBC5A2700B53DB6 /* LaunchScreen.storyboard in Resources */ = {isa = PBXBuildFile; fileRef = 328446E61DBC5A2700B53DB6 /* LaunchScreen.storyboard */; };
		C43CCAC93D403F69E9526308 /* Pods_UIKitExtensions.framework in Frameworks */ = {isa = PBXBuildFile; fileRef = B3E8DEA0A5B77C522C0D2535 /* Pods_UIKitExtensions.framework */; };
/* End PBXBuildFile section */

/* Begin PBXFileReference section */
		328446DA1DBC5A2700B53DB6 /* UIKitExtensions.app */ = {isa = PBXFileReference; explicitFileType = wrapper.application; includeInIndex = 0; path = UIKitExtensions.app; sourceTree = BUILT_PRODUCTS_DIR; };
		328446DD1DBC5A2700B53DB6 /* AppDelegate.swift */ = {isa = PBXFileReference; lastKnownFileType = sourcecode.swift; path = AppDelegate.swift; sourceTree = "<group>"; };
		328446DF1DBC5A2700B53DB6 /* ViewController.swift */ = {isa = PBXFileReference; lastKnownFileType = sourcecode.swift; path = ViewController.swift; sourceTree = "<group>"; };
		328446E21DBC5A2700B53DB6 /* Base */ = {isa = PBXFileReference; lastKnownFileType = file.storyboard; name = Base; path = Base.lproj/Main.storyboard; sourceTree = "<group>"; };
		328446E41DBC5A2700B53DB6 /* Assets.xcassets */ = {isa = PBXFileReference; lastKnownFileType = folder.assetcatalog; path = Assets.xcassets; sourceTree = "<group>"; };
		328446E71DBC5A2700B53DB6 /* Base */ = {isa = PBXFileReference; lastKnownFileType = file.storyboard; name = Base; path = Base.lproj/LaunchScreen.storyboard; sourceTree = "<group>"; };
		328446E91DBC5A2700B53DB6 /* Info.plist */ = {isa = PBXFileReference; lastKnownFileType = text.plist.xml; path = Info.plist; sourceTree = "<group>"; };
		349DFAF9B8B64760F5F8BA9B /* Pods-UIKitExtensions.release.xcconfig */ = {isa = PBXFileReference; includeInIndex = 1; lastKnownFileType = text.xcconfig; name = "Pods-UIKitExtensions.release.xcconfig"; path = "Pods/Target Support Files/Pods-UIKitExtensions/Pods-UIKitExtensions.release.xcconfig"; sourceTree = "<group>"; };
		B3E8DEA0A5B77C522C0D2535 /* Pods_UIKitExtensions.framework */ = {isa = PBXFileReference; explicitFileType = wrapper.framework; includeInIndex = 0; path = Pods_UIKitExtensions.framework; sourceTree = BUILT_PRODUCTS_DIR; };
		E6F770ED1F6B73D8EC167CA3 /* Pods-UIKitExtensions.debug.xcconfig */ = {isa = PBXFileReference; includeInIndex = 1; lastKnownFileType = text.xcconfig; name = "Pods-UIKitExtensions.debug.xcconfig"; path = "Pods/Target Support Files/Pods-UIKitExtensions/Pods-UIKitExtensions.debug.xcconfig"; sourceTree = "<group>"; };
/* End PBXFileReference section */

/* Begin PBXFrameworksBuildPhase section */
		328446D71DBC5A2600B53DB6 /* Frameworks */ = {
			isa = PBXFrameworksBuildPhase;
			buildActionMask = 2147483647;
			files = (
				C43CCAC93D403F69E9526308 /* Pods_UIKitExtensions.framework in Frameworks */,
			);
			runOnlyForDeploymentPostprocessing = 0;
		};
/* End PBXFrameworksBuildPhase section */

/* Begin PBXGroup section */
		328446D11DBC5A2600B53DB6 = {
			isa = PBXGroup;
			children = (
				328446DC1DBC5A2700B53DB6 /* UIKitExtensions */,
				328446DB1DBC5A2700B53DB6 /* Products */,
				A2E111147510DF5FCDC30563 /* Pods */,
				79D3B01DA4A05054944BBF77 /* Frameworks */,
			);
			sourceTree = "<group>";
		};
		328446DB1DBC5A2700B53DB6 /* Products */ = {
			isa = PBXGroup;
			children = (
				328446DA1DBC5A2700B53DB6 /* UIKitExtensions.app */,
			);
			name = Products;
			sourceTree = "<group>";
		};
		328446DC1DBC5A2700B53DB6 /* UIKitExtensions */ = {
			isa = PBXGroup;
			children = (
				328446DD1DBC5A2700B53DB6 /* AppDelegate.swift */,
				328446DF1DBC5A2700B53DB6 /* ViewController.swift */,
				328446E11DBC5A2700B53DB6 /* Main.storyboard */,
				328446E41DBC5A2700B53DB6 /* Assets.xcassets */,
				328446E61DBC5A2700B53DB6 /* LaunchScreen.storyboard */,
				328446E91DBC5A2700B53DB6 /* Info.plist */,
			);
			path = UIKitExtensions;
			sourceTree = "<group>";
		};
		79D3B01DA4A05054944BBF77 /* Frameworks */ = {
			isa = PBXGroup;
			children = (
				B3E8DEA0A5B77C522C0D2535 /* Pods_UIKitExtensions.framework */,
			);
			name = Frameworks;
			sourceTree = "<group>";
		};
		A2E111147510DF5FCDC30563 /* Pods */ = {
			isa = PBXGroup;
			children = (
				E6F770ED1F6B73D8EC167CA3 /* Pods-UIKitExtensions.debug.xcconfig */,
				349DFAF9B8B64760F5F8BA9B /* Pods-UIKitExtensions.release.xcconfig */,
			);
			name = Pods;
			sourceTree = "<group>";
		};
/* End PBXGroup section */

/* Begin PBXNativeTarget section */
		328446D91DBC5A2600B53DB6 /* UIKitExtensions */ = {
			isa = PBXNativeTarget;
			buildConfigurationList = 328446EC1DBC5A2700B53DB6 /* Build configuration list for PBXNativeTarget "UIKitExtensions" */;
			buildPhases = (
				8878691D71AE9836F8904ED2 /* [CP] Check Pods Manifest.lock */,
				328446D61DBC5A2600B53DB6 /* Sources */,
				328446D71DBC5A2600B53DB6 /* Frameworks */,
				328446D81DBC5A2600B53DB6 /* Resources */,
				D0BBBFE462CF014F257C9F35 /* [CP] Embed Pods Frameworks */,
				E275A885B0947EFA045BEE83 /* [CP] Copy Pods Resources */,
			);
			buildRules = (
			);
			dependencies = (
			);
			name = UIKitExtensions;
			productName = UIKitExtensions;
			productReference = 328446DA1DBC5A2700B53DB6 /* UIKitExtensions.app */;
			productType = "com.apple.product-type.application";
		};
/* End PBXNativeTarget section */

/* Begin PBXProject section */
		328446D21DBC5A2600B53DB6 /* Project object */ = {
			isa = PBXProject;
			attributes = {
				LastSwiftUpdateCheck = 0800;
				LastUpgradeCheck = 0800;
				ORGANIZATIONNAME = Westerlime;
				TargetAttributes = {
					328446D91DBC5A2600B53DB6 = {
						CreatedOnToolsVersion = 8.0;
						DevelopmentTeam = 92Y977ZMXE;
						ProvisioningStyle = Automatic;
					};
				};
			};
			buildConfigurationList = 328446D51DBC5A2600B53DB6 /* Build configuration list for PBXProject "UIKitExtensions" */;
			compatibilityVersion = "Xcode 3.2";
			developmentRegion = English;
			hasScannedForEncodings = 0;
			knownRegions = (
				en,
				Base,
			);
			mainGroup = 328446D11DBC5A2600B53DB6;
			productRefGroup = 328446DB1DBC5A2700B53DB6 /* Products */;
			projectDirPath = "";
			projectRoot = "";
			targets = (
				328446D91DBC5A2600B53DB6 /* UIKitExtensions */,
			);
		};
/* End PBXProject section */

/* Begin PBXResourcesBuildPhase section */
		328446D81DBC5A2600B53DB6 /* Resources */ = {
			isa = PBXResourcesBuildPhase;
			buildActionMask = 2147483647;
			files = (
				328446E81DBC5A2700B53DB6 /* LaunchScreen.storyboard in Resources */,
				328446E51DBC5A2700B53DB6 /* Assets.xcassets in Resources */,
				328446E31DBC5A2700B53DB6 /* Main.storyboard in Resources */,
			);
			runOnlyForDeploymentPostprocessing = 0;
		};
/* End PBXResourcesBuildPhase section */

/* Begin PBXShellScriptBuildPhase section */
		8878691D71AE9836F8904ED2 /* [CP] Check Pods Manifest.lock */ = {
			isa = PBXShellScriptBuildPhase;
			buildActionMask = 2147483647;
			files = (
			);
			inputPaths = (
			);
			name = "[CP] Check Pods Manifest.lock";
			outputPaths = (
			);
			runOnlyForDeploymentPostprocessing = 0;
			shellPath = /bin/sh;
			shellScript = "diff \"${PODS_ROOT}/../Podfile.lock\" \"${PODS_ROOT}/Manifest.lock\" > /dev/null\nif [[ $? != 0 ]] ; then\n    cat << EOM\nerror: The sandbox is not in sync with the Podfile.lock. Run 'pod install' or update your CocoaPods installation.\nEOM\n    exit 1\nfi\n";
			showEnvVarsInLog = 0;
		};
		D0BBBFE462CF014F257C9F35 /* [CP] Embed Pods Frameworks */ = {
			isa = PBXShellScriptBuildPhase;
			buildActionMask = 2147483647;
			files = (
			);
			inputPaths = (
			);
			name = "[CP] Embed Pods Frameworks";
			outputPaths = (
			);
			runOnlyForDeploymentPostprocessing = 0;
			shellPath = /bin/sh;
			shellScript = "\"${SRCROOT}/Pods/Target Support Files/Pods-UIKitExtensions/Pods-UIKitExtensions-frameworks.sh\"\n";
			showEnvVarsInLog = 0;
		};
		E275A885B0947EFA045BEE83 /* [CP] Copy Pods Resources */ = {
			isa = PBXShellScriptBuildPhase;
			buildActionMask = 2147483647;
			files = (
			);
			inputPaths = (
			);
			name = "[CP] Copy Pods Resources";
			outputPaths = (
			);
			runOnlyForDeploymentPostprocessing = 0;
			shellPath = /bin/sh;
			shellScript = "\"${SRCROOT}/Pods/Target Support Files/Pods-UIKitExtensions/Pods-UIKitExtensions-resources.sh\"\n";
			showEnvVarsInLog = 0;
		};
/* End PBXShellScriptBuildPhase section */

/* Begin PBXSourcesBuildPhase section */
		328446D61DBC5A2600B53DB6 /* Sources */ = {
			isa = PBXSourcesBuildPhase;
			buildActionMask = 2147483647;
			files = (
				328446E01DBC5A2700B53DB6 /* ViewController.swift in Sources */,
				328446DE1DBC5A2700B53DB6 /* AppDelegate.swift in Sources */,
			);
			runOnlyForDeploymentPostprocessing = 0;
		};
/* End PBXSourcesBuildPhase section */

/* Begin PBXVariantGroup section */
		328446E11DBC5A2700B53DB6 /* Main.storyboard */ = {
			isa = PBXVariantGroup;
			children = (
				328446E21DBC5A2700B53DB6 /* Base */,
			);
			name = Main.storyboard;
			sourceTree = "<group>";
		};
		328446E61DBC5A2700B53DB6 /* LaunchScreen.storyboard */ = {
			isa = PBXVariantGroup;
			children = (
				328446E71DBC5A2700B53DB6 /* Base */,
			);
			name = LaunchScreen.storyboard;
			sourceTree = "<group>";
		};
/* End PBXVariantGroup section */

/* Begin XCBuildConfiguration section */
		328446EA1DBC5A2700B53DB6 /* Debug */ = {
			isa = XCBuildConfiguration;
			buildSettings = {
				ALWAYS_SEARCH_USER_PATHS = NO;
				CLANG_ANALYZER_NONNULL = YES;
				CLANG_CXX_LANGUAGE_STANDARD = "gnu++0x";
				CLANG_CXX_LIBRARY = "libc++";
				CLANG_ENABLE_MODULES = YES;
				CLANG_ENABLE_OBJC_ARC = YES;
				CLANG_WARN_BOOL_CONVERSION = YES;
				CLANG_WARN_CONSTANT_CONVERSION = YES;
				CLANG_WARN_DIRECT_OBJC_ISA_USAGE = YES_ERROR;
				CLANG_WARN_DOCUMENTATION_COMMENTS = YES;
				CLANG_WARN_EMPTY_BODY = YES;
				CLANG_WARN_ENUM_CONVERSION = YES;
				CLANG_WARN_INFINITE_RECURSION = YES;
				CLANG_WARN_INT_CONVERSION = YES;
				CLANG_WARN_OBJC_ROOT_CLASS = YES_ERROR;
				CLANG_WARN_SUSPICIOUS_MOVES = YES;
				CLANG_WARN_UNREACHABLE_CODE = YES;
				CLANG_WARN__DUPLICATE_METHOD_MATCH = YES;
				"CODE_SIGN_IDENTITY[sdk=iphoneos*]" = "iPhone Developer";
				COPY_PHASE_STRIP = NO;
				DEBUG_INFORMATION_FORMAT = dwarf;
				ENABLE_STRICT_OBJC_MSGSEND = YES;
				ENABLE_TESTABILITY = YES;
				GCC_C_LANGUAGE_STANDARD = gnu99;
				GCC_DYNAMIC_NO_PIC = NO;
				GCC_NO_COMMON_BLOCKS = YES;
				GCC_OPTIMIZATION_LEVEL = 0;
				GCC_PREPROCESSOR_DEFINITIONS = (
					"DEBUG=1",
					"$(inherited)",
				);
				GCC_WARN_64_TO_32_BIT_CONVERSION = YES;
				GCC_WARN_ABOUT_RETURN_TYPE = YES_ERROR;
				GCC_WARN_UNDECLARED_SELECTOR = YES;
				GCC_WARN_UNINITIALIZED_AUTOS = YES_AGGRESSIVE;
				GCC_WARN_UNUSED_FUNCTION = YES;
				GCC_WARN_UNUSED_VARIABLE = YES;
				IPHONEOS_DEPLOYMENT_TARGET = 10.0;
				MTL_ENABLE_DEBUG_INFO = YES;
				ONLY_ACTIVE_ARCH = YES;
				SDKROOT = iphoneos;
				SWIFT_ACTIVE_COMPILATION_CONDITIONS = DEBUG;
				SWIFT_OPTIMIZATION_LEVEL = "-Onone";
				TARGETED_DEVICE_FAMILY = "1,2";
			};
			name = Debug;
		};
		328446EB1DBC5A2700B53DB6 /* Release */ = {
			isa = XCBuildConfiguration;
			buildSettings = {
				ALWAYS_SEARCH_USER_PATHS = NO;
				CLANG_ANALYZER_NONNULL = YES;
				CLANG_CXX_LANGUAGE_STANDARD = "gnu++0x";
				CLANG_CXX_LIBRARY = "libc++";
				CLANG_ENABLE_MODULES = YES;
				CLANG_ENABLE_OBJC_ARC = YES;
				CLANG_WARN_BOOL_CONVERSION = YES;
				CLANG_WARN_CONSTANT_CONVERSION = YES;
				CLANG_WARN_DIRECT_OBJC_ISA_USAGE = YES_ERROR;
				CLANG_WARN_DOCUMENTATION_COMMENTS = YES;
				CLANG_WARN_EMPTY_BODY = YES;
				CLANG_WARN_ENUM_CONVERSION = YES;
				CLANG_WARN_INFINITE_RECURSION = YES;
				CLANG_WARN_INT_CONVERSION = YES;
				CLANG_WARN_OBJC_ROOT_CLASS = YES_ERROR;
				CLANG_WARN_SUSPICIOUS_MOVES = YES;
				CLANG_WARN_UNREACHABLE_CODE = YES;
				CLANG_WARN__DUPLICATE_METHOD_MATCH = YES;
				"CODE_SIGN_IDENTITY[sdk=iphoneos*]" = "iPhone Developer";
				COPY_PHASE_STRIP = NO;
				DEBUG_INFORMATION_FORMAT = "dwarf-with-dsym";
				ENABLE_NS_ASSERTIONS = NO;
				ENABLE_STRICT_OBJC_MSGSEND = YES;
				GCC_C_LANGUAGE_STANDARD = gnu99;
				GCC_NO_COMMON_BLOCKS = YES;
				GCC_WARN_64_TO_32_BIT_CONVERSION = YES;
				GCC_WARN_ABOUT_RETURN_TYPE = YES_ERROR;
				GCC_WARN_UNDECLARED_SELECTOR = YES;
				GCC_WARN_UNINITIALIZED_AUTOS = YES_AGGRESSIVE;
				GCC_WARN_UNUSED_FUNCTION = YES;
				GCC_WARN_UNUSED_VARIABLE = YES;
				IPHONEOS_DEPLOYMENT_TARGET = 10.0;
				MTL_ENABLE_DEBUG_INFO = NO;
				SDKROOT = iphoneos;
				SWIFT_OPTIMIZATION_LEVEL = "-Owholemodule";
				TARGETED_DEVICE_FAMILY = "1,2";
				VALIDATE_PRODUCT = YES;
			};
			name = Release;
		};
		328446ED1DBC5A2700B53DB6 /* Debug */ = {
			isa = XCBuildConfiguration;
			baseConfigurationReference = E6F770ED1F6B73D8EC167CA3 /* Pods-UIKitExtensions.debug.xcconfig */;
			buildSettings = {
				ASSETCATALOG_COMPILER_APPICON_NAME = AppIcon;
				DEVELOPMENT_TEAM = 92Y977ZMXE;
				INFOPLIST_FILE = UIKitExtensions/Info.plist;
				LD_RUNPATH_SEARCH_PATHS = "$(inherited) @executable_path/Frameworks";
				PRODUCT_BUNDLE_IDENTIFIER = Westerlime.UIKitExtensions;
				PRODUCT_NAME = "$(TARGET_NAME)";
				SWIFT_VERSION = 3.0;
			};
			name = Debug;
		};
		328446EE1DBC5A2700B53DB6 /* Release */ = {
			isa = XCBuildConfiguration;
			baseConfigurationReference = 349DFAF9B8B64760F5F8BA9B /* Pods-UIKitExtensions.release.xcconfig */;
			buildSettings = {
				ASSETCATALOG_COMPILER_APPICON_NAME = AppIcon;
				DEVELOPMENT_TEAM = 92Y977ZMXE;
				INFOPLIST_FILE = UIKitExtensions/Info.plist;
				LD_RUNPATH_SEARCH_PATHS = "$(inherited) @executable_path/Frameworks";
				PRODUCT_BUNDLE_IDENTIFIER = Westerlime.UIKitExtensions;
				PRODUCT_NAME = "$(TARGET_NAME)";
				SWIFT_VERSION = 3.0;
			};
			name = Release;
		};
/* End XCBuildConfiguration section */

/* Begin XCConfigurationList section */
		328446D51DBC5A2600B53DB6 /* Build configuration list for PBXProject "UIKitExtensions" */ = {
			isa = XCConfigurationList;
			buildConfigurations = (
				328446EA1DBC5A2700B53DB6 /* Debug */,
				328446EB1DBC5A2700B53DB6 /* Release */,
			);
			defaultConfigurationIsVisible = 0;
			defaultConfigurationName = Release;
		};
		328446EC1DBC5A2700B53DB6 /* Build configuration list for PBXNativeTarget "UIKitExtensions" */ = {
			isa = XCConfigurationList;
			buildConfigurations = (
				328446ED1DBC5A2700B53DB6 /* Debug */,
				328446EE1DBC5A2700B53DB6 /* Release */,
			);
			defaultConfigurationIsVisible = 0;
			defaultConfigurationName = Release;
		};
/* End XCConfigurationList section */
	};
	rootObject = 328446D21DBC5A2600B53DB6 /* Project object */;
}
